
Microsoft Visual Studio Solution File, Format Version 12.00
# Visual Studio 15
Project("{FAE04EC0-301F-11D3-BF4B-00C04F79EFBC}") = "Assembly-CSharp", "Assembly-CSharp.csproj", "{1893322E-7F82-A7E7-4298-82038FF7E33D}"
EndProject
Project("{FAE04EC0-301F-11D3-BF4B-00C04F79EFBC}") = "Assembly-CSharp-Editor", "Assembly-CSharp-Editor.csproj", "{83DCE1DC-B5CC-C03E-C530-18F66666EFBE}"
EndProject
Global
	GlobalSection(SolutionConfigurationPlatforms) = preSolution
		Debug|Any CPU = Debug|Any CPU
		Release|Any CPU = Release|Any CPU
	EndGlobalSection
	GlobalSection(ProjectConfigurationPlatforms) = postSolution
		{1893322E-7F82-A7E7-4298-82038FF7E33D}.Debug|Any CPU.ActiveCfg = Debug|Any CPU
		{1893322E-7F82-A7E7-4298-82038FF7E33D}.Debug|Any CPU.Build.0 = Debug|Any CPU
		{1893322E-7F82-A7E7-4298-82038FF7E33D}.Release|Any CPU.ActiveCfg = Release|Any CPU
		{1893322E-7F82-A7E7-4298-82038FF7E33D}.Release|Any CPU.Build.0 = Release|Any CPU
		{83DCE1DC-B5CC-C03E-C530-18F66666EFBE}.Debug|Any CPU.ActiveCfg = Debug|Any CPU
		{83DCE1DC-B5CC-C03E-C530-18F66666EFBE}.Debug|Any CPU.Build.0 = Debug|Any CPU
		{83DCE1DC-B5CC-C03E-C530-18F66666EFBE}.Release|Any CPU.ActiveCfg = Release|Any CPU
		{83DCE1DC-B5CC-C03E-C530-18F66666EFBE}.Release|Any CPU.Build.0 = Release|Any CPU
	EndGlobalSection
	GlobalSection(SolutionProperties) = preSolution
		HideSolutionNode = FALSE
	EndGlobalSection
EndGlobal
